<?xml version="1.0" encoding="utf-8"?>
<Project ToolsVersion="4.0" xmlns="http://schemas.microsoft.com/developer/msbuild/2003">
  <ItemGroup>
    <Filter Include="00. Engine">
      <UniqueIdentifier>{046ac0a8-9b52-40cf-9031-409cd09a67ff}</UniqueIdentifier>
    </Filter>
    <Filter Include="01. Engine Component">
      <UniqueIdentifier>{33461c5d-7b0e-44e7-ae50-1c0a7e5e9d89}</UniqueIdentifier>
    </Filter>
    <Filter Include="02. Scene">
      <UniqueIdentifier>{2a937428-0f10-4b4b-bc19-09879aa49ad9}</UniqueIdentifier>
    </Filter>
    <Filter Include="03. Scene Component">
      <UniqueIdentifier>{e2f05ab8-42f2-4c73-adbe-3fdfb2ca531f}</UniqueIdentifier>
    </Filter>
    <Filter Include="04. Object">
      <UniqueIdentifier>{147aa8a3-9ea1-4743-a412-6ca454491c41}</UniqueIdentifier>
    </Filter>
    <Filter Include="05. Object Component">
      <UniqueIdentifier>{18acc001-15fb-4595-b38e-e8b3dce91e1f}</UniqueIdentifier>
    </Filter>
    <Filter Include="08. Miscellaneous">
      <UniqueIdentifier>{f8df7661-6e05-4d95-9571-82bef82b2ade}</UniqueIdentifier>
    </Filter>
    <Filter Include="08. Miscellaneous\pch">
      <UniqueIdentifier>{925a7554-b054-4444-83db-4b7392c7b308}</UniqueIdentifier>
    </Filter>
    <Filter Include="09. Execution">
      <UniqueIdentifier>{c1836ab6-4590-4bda-8aa5-eceb159aae49}</UniqueIdentifier>
    </Filter>
    <Filter Include="08. Miscellaneous\math">
      <UniqueIdentifier>{88076f13-bfce-48a9-9fb1-8a48840677ba}</UniqueIdentifier>
    </Filter>
    <Filter Include="04. Object\Player">
      <UniqueIdentifier>{190fcdcd-e5fa-4010-aeb6-7300c3ad9534}</UniqueIdentifier>
    </Filter>
    <Filter Include="04. Object\Neutral">
      <UniqueIdentifier>{cf2465a9-45f3-4bf6-b94c-bbb97537850a}</UniqueIdentifier>
    </Filter>
    <Filter Include="04. Object\Enemy">
      <UniqueIdentifier>{ed9ee5e9-8db6-4e7f-bc28-f6a965bfcf64}</UniqueIdentifier>
    </Filter>
    <Filter Include="04. Object\Bullet">
      <UniqueIdentifier>{04411866-457b-4a78-981d-59fa57202a93}</UniqueIdentifier>
    </Filter>
    <Filter Include="05. Object Component\Collision">
      <UniqueIdentifier>{a668d586-3f0f-4b73-95d8-602cc741837a}</UniqueIdentifier>
    </Filter>
    <Filter Include="05. Object Component\Transform">
      <UniqueIdentifier>{8671c2c6-105a-4f9a-b691-e41cff23f3ec}</UniqueIdentifier>
    </Filter>
    <Filter Include="01. Engine Component\Scene Manager">
      <UniqueIdentifier>{e49f045f-0dcc-4656-b608-48fcb661b26b}</UniqueIdentifier>
    </Filter>
    <Filter Include="01. Engine Component\Input System">
      <UniqueIdentifier>{52dfe595-79a8-4a87-8316-dacaafa0099a}</UniqueIdentifier>
    </Filter>
    <Filter Include="02. Scene\Scene">
      <UniqueIdentifier>{6261aa58-38a4-4c36-abd1-41bca024568b}</UniqueIdentifier>
    </Filter>
    <Filter Include="02. Scene\GameScene">
      <UniqueIdentifier>{f09ca9cc-323a-4eae-b856-a2a75169cb96}</UniqueIdentifier>
    </Filter>
    <Filter Include="03. Scene Component\Object Manager">
      <UniqueIdentifier>{b10205b3-b766-4699-bda1-f6fa7fb82163}</UniqueIdentifier>
    </Filter>
    <Filter Include="04. Object\Enemy\Boss">
      <UniqueIdentifier>{838b5358-e320-49b0-922e-394e4eaf0542}</UniqueIdentifier>
    </Filter>
  </ItemGroup>
  <ItemGroup>
    <ClInclude Include="Engine.h">
      <Filter>00. Engine</Filter>
    </ClInclude>
    <ClInclude Include="pch.h">
      <Filter>08. Miscellaneous\pch</Filter>
    </ClInclude>
    <ClInclude Include="SceneManager.h">
      <Filter>01. Engine Component\Scene Manager</Filter>
    </ClInclude>
    <ClInclude Include="Object.h">
      <Filter>04. Object</Filter>
    </ClInclude>
    <ClInclude Include="Math.h">
      <Filter>08. Miscellaneous\math</Filter>
    </ClInclude>
    <ClInclude Include="Player.h">
      <Filter>04. Object\Player</Filter>
    </ClInclude>
    <ClInclude Include="Background.h">
      <Filter>04. Object\Neutral</Filter>
    </ClInclude>
    <ClInclude Include="Bullet.h">
      <Filter>04. Object\Bullet</Filter>
    </ClInclude>
    <ClInclude Include="CollisionComponent.h">
      <Filter>05. Object Component\Collision</Filter>
    </ClInclude>
    <ClInclude Include="TransformComponent.h">
      <Filter>05. Object Component\Transform</Filter>
    </ClInclude>
    <ClInclude Include="InputSystem.h">
      <Filter>01. Engine Component\Input System</Filter>
    </ClInclude>
    <ClInclude Include="GameScene.h">
      <Filter>02. Scene\GameScene</Filter>
    </ClInclude>
    <ClInclude Include="Scene.h">
      <Filter>02. Scene\Scene</Filter>
    </ClInclude>
    <ClInclude Include="ObjectManager.h">
      <Filter>03. Scene Component\Object Manager</Filter>
    </ClInclude>
    <ClInclude Include="ObjectComponent.h">
      <Filter>05. Object Component</Filter>
    </ClInclude>
    <ClInclude Include="Boss.h">
      <Filter>04. Object\Enemy\Boss</Filter>
    </ClInclude>
  </ItemGroup>
  <ItemGroup>
    <ClCompile Include="Engine.cpp">
      <Filter>00. Engine</Filter>
    </ClCompile>
    <ClCompile Include="pch.cpp">
      <Filter>08. Miscellaneous\pch</Filter>
    </ClCompile>
    <ClCompile Include="SceneManager.cpp">
      <Filter>01. Engine Component\Scene Manager</Filter>
    </ClCompile>
    <ClCompile Include="main.cpp">
      <Filter>09. Execution</Filter>
    </ClCompile>
    <ClCompile Include="Object.cpp">
      <Filter>04. Object</Filter>
    </ClCompile>
    <ClCompile Include="Player.cpp">
      <Filter>04. Object\Player</Filter>
    </ClCompile>
    <ClCompile Include="Background.cpp">
      <Filter>04. Object\Neutral</Filter>
    </ClCompile>
    <ClCompile Include="Bullet.cpp">
      <Filter>04. Object\Bullet</Filter>
    </ClCompile>
    <ClCompile Include="CollisionComponent.cpp">
      <Filter>05. Object Component\Collision</Filter>
    </ClCompile>
    <ClCompile Include="TransformComponent.cpp">
      <Filter>05. Object Component\Transform</Filter>
    </ClCompile>
    <ClCompile Include="InputSystem.cpp">
      <Filter>01. Engine Component\Input System</Filter>
    </ClCompile>
    <ClCompile Include="Scene.cpp">
      <Filter>02. Scene\Scene</Filter>
    </ClCompile>
    <ClCompile Include="GameScene.cpp">
      <Filter>02. Scene\GameScene</Filter>
    </ClCompile>
    <ClCompile Include="ObjectManager.cpp">
      <Filter>03. Scene Component\Object Manager</Filter>
    </ClCompile>
    <ClCompile Include="ObjectComponent.cpp">
      <Filter>05. Object Component</Filter>
    </ClCompile>
    <ClCompile Include="Boss.cpp">
      <Filter>04. Object\Enemy\Boss</Filter>
    </ClCompile>
  </ItemGroup>
  <ItemGroup>
    <None Include="Math.inl">
      <Filter>08. Miscellaneous\math</Filter>
    </None>
  </ItemGroup>
</Project>