<?xml version="1.0" encoding="utf-8"?>
<Project ToolsVersion="4.0" xmlns="http://schemas.microsoft.com/developer/msbuild/2003">
  <ItemGroup>
    <Filter Include="00. Engine">
      <UniqueIdentifier>{046ac0a8-9b52-40cf-9031-409cd09a67ff}</UniqueIdentifier>
    </Filter>
    <Filter Include="01. Engine Component">
      <UniqueIdentifier>{33461c5d-7b0e-44e7-ae50-1c0a7e5e9d89}</UniqueIdentifier>
    </Filter>
    <Filter Include="02. Scene">
      <UniqueIdentifier>{2a937428-0f10-4b4b-bc19-09879aa49ad9}</UniqueIdentifier>
    </Filter>
    <Filter Include="03. Scene Component">
      <UniqueIdentifier>{e2f05ab8-42f2-4c73-adbe-3fdfb2ca531f}</UniqueIdentifier>
    </Filter>
    <Filter Include="04. Object">
      <UniqueIdentifier>{147aa8a3-9ea1-4743-a412-6ca454491c41}</UniqueIdentifier>
    </Filter>
    <Filter Include="05. Object Component">
      <UniqueIdentifier>{18acc001-15fb-4595-b38e-e8b3dce91e1f}</UniqueIdentifier>
    </Filter>
    <Filter Include="08. Miscellaneous">
      <UniqueIdentifier>{f8df7661-6e05-4d95-9571-82bef82b2ade}</UniqueIdentifier>
    </Filter>
    <Filter Include="08. Miscellaneous\pch">
      <UniqueIdentifier>{925a7554-b054-4444-83db-4b7392c7b308}</UniqueIdentifier>
    </Filter>
    <Filter Include="09. Execution">
      <UniqueIdentifier>{c1836ab6-4590-4bda-8aa5-eceb159aae49}</UniqueIdentifier>
    </Filter>
    <Filter Include="08. Miscellaneous\math">
      <UniqueIdentifier>{88076f13-bfce-48a9-9fb1-8a48840677ba}</UniqueIdentifier>
    </Filter>
    <Filter Include="05. Object Component\Collision">
      <UniqueIdentifier>{a668d586-3f0f-4b73-95d8-602cc741837a}</UniqueIdentifier>
    </Filter>
    <Filter Include="05. Object Component\Transform">
      <UniqueIdentifier>{8671c2c6-105a-4f9a-b691-e41cff23f3ec}</UniqueIdentifier>
    </Filter>
    <Filter Include="01. Engine Component\Scene Manager">
      <UniqueIdentifier>{e49f045f-0dcc-4656-b608-48fcb661b26b}</UniqueIdentifier>
    </Filter>
    <Filter Include="01. Engine Component\Input System">
      <UniqueIdentifier>{52dfe595-79a8-4a87-8316-dacaafa0099a}</UniqueIdentifier>
    </Filter>
    <Filter Include="02. Scene\Scene">
      <UniqueIdentifier>{6261aa58-38a4-4c36-abd1-41bca024568b}</UniqueIdentifier>
    </Filter>
    <Filter Include="03. Scene Component\Object Manager">
      <UniqueIdentifier>{b10205b3-b766-4699-bda1-f6fa7fb82163}</UniqueIdentifier>
    </Filter>
    <Filter Include="06.Singleton">
      <UniqueIdentifier>{c4ec4a9b-06d4-47b5-8c39-cca92f68a431}</UniqueIdentifier>
    </Filter>
    <Filter Include="06.Singleton\Random">
      <UniqueIdentifier>{d5fb7c30-0cf8-4527-86bd-92392d17110e}</UniqueIdentifier>
    </Filter>
    <Filter Include="01. Engine Component\Sound Manager">
      <UniqueIdentifier>{7cb14457-1394-4e75-92f3-72eccbf4bd10}</UniqueIdentifier>
    </Filter>
    <Filter Include="01. Engine Component\Texture Manager">
      <UniqueIdentifier>{3237cd7e-f950-4980-ba31-151ac91330a0}</UniqueIdentifier>
    </Filter>
    <Filter Include="02. Scene\MenuScene">
      <UniqueIdentifier>{24c5f27c-b16c-4110-91ea-b75437e575b7}</UniqueIdentifier>
    </Filter>
    <Filter Include="04. Object\00.Neutral">
      <UniqueIdentifier>{fc6c021a-aeba-409e-8bff-5e393dd02ac2}</UniqueIdentifier>
    </Filter>
    <Filter Include="04. Object\00.Neutral\Background">
      <UniqueIdentifier>{95bf83e7-e2fb-4ab1-9297-bd67526d4ea9}</UniqueIdentifier>
    </Filter>
    <Filter Include="02. Scene\GameScene1">
      <UniqueIdentifier>{f09ca9cc-323a-4eae-b856-a2a75169cb96}</UniqueIdentifier>
    </Filter>
    <Filter Include="02. Scene\GameScene2">
      <UniqueIdentifier>{fb07c913-c5ce-4128-adf8-eb1d99e18cef}</UniqueIdentifier>
    </Filter>
    <Filter Include="02. Scene\GameScene3">
      <UniqueIdentifier>{a0253fd7-2daf-4459-87f2-0b89e802e793}</UniqueIdentifier>
    </Filter>
    <Filter Include="02. Scene\GameScene4">
      <UniqueIdentifier>{e27426b6-3141-46be-ae63-0959b1476526}</UniqueIdentifier>
    </Filter>
    <Filter Include="05. Object Component\Animation">
      <UniqueIdentifier>{6add8664-76c7-4b65-9334-e5fb46a59f47}</UniqueIdentifier>
    </Filter>
    <Filter Include="04. Object\01.Back">
      <UniqueIdentifier>{525a263d-569a-420a-b8f1-327bbd55a77d}</UniqueIdentifier>
    </Filter>
    <Filter Include="04. Object\02.Mid">
      <UniqueIdentifier>{41267529-21df-4efe-b5f9-55b2f616982b}</UniqueIdentifier>
    </Filter>
    <Filter Include="04. Object\03.Front">
      <UniqueIdentifier>{81ea824b-7925-462c-a0fd-e49de954c3fb}</UniqueIdentifier>
    </Filter>
    <Filter Include="04. Object\03.Front\Boss">
      <UniqueIdentifier>{838b5358-e320-49b0-922e-394e4eaf0542}</UniqueIdentifier>
    </Filter>
    <Filter Include="04. Object\04.Effect">
      <UniqueIdentifier>{a4d7a666-bf31-4a3e-9c4b-ba060a3dc908}</UniqueIdentifier>
    </Filter>
    <Filter Include="04. Object\05.UI">
      <UniqueIdentifier>{3c49b3b0-cea7-4f3b-a1ca-f04eae0811f1}</UniqueIdentifier>
    </Filter>
    <Filter Include="04. Object\05.UI\Button">
      <UniqueIdentifier>{113a1d67-4f6a-4bf8-a4e3-f77dda8f77fa}</UniqueIdentifier>
    </Filter>
    <Filter Include="04. Object\06.Cursor">
      <UniqueIdentifier>{d3e4d672-f2db-48b3-a90a-8d46d1dabefd}</UniqueIdentifier>
    </Filter>
    <Filter Include="04. Object\02.Mid\Card">
      <UniqueIdentifier>{7ecb0d78-ba2a-4f74-8575-ba10ed493260}</UniqueIdentifier>
    </Filter>
    <Filter Include="04. Object\02.Mid\Player">
      <UniqueIdentifier>{b130b061-7040-4411-840f-6811fadb4a17}</UniqueIdentifier>
    </Filter>
    <Filter Include="04. Object\01.Back\CardDeck">
      <UniqueIdentifier>{fdc11444-d289-490c-952e-718eeae64282}</UniqueIdentifier>
    </Filter>
    <Filter Include="04. Object\04.Effect\ShuffleEffect">
      <UniqueIdentifier>{b1a4c0ef-0374-4090-ad74-9464a7ed5929}</UniqueIdentifier>
    </Filter>
  </ItemGroup>
  <ItemGroup>
    <ClInclude Include="Engine.h">
      <Filter>00. Engine</Filter>
    </ClInclude>
    <ClInclude Include="pch.h">
      <Filter>08. Miscellaneous\pch</Filter>
    </ClInclude>
    <ClInclude Include="SceneManager.h">
      <Filter>01. Engine Component\Scene Manager</Filter>
    </ClInclude>
    <ClInclude Include="Object.h">
      <Filter>04. Object</Filter>
    </ClInclude>
    <ClInclude Include="Math.h">
      <Filter>08. Miscellaneous\math</Filter>
    </ClInclude>
    <ClInclude Include="CollisionComponent.h">
      <Filter>05. Object Component\Collision</Filter>
    </ClInclude>
    <ClInclude Include="TransformComponent.h">
      <Filter>05. Object Component\Transform</Filter>
    </ClInclude>
    <ClInclude Include="InputSystem.h">
      <Filter>01. Engine Component\Input System</Filter>
    </ClInclude>
    <ClInclude Include="GameScene1.h">
      <Filter>02. Scene\GameScene1</Filter>
    </ClInclude>
    <ClInclude Include="Scene.h">
      <Filter>02. Scene\Scene</Filter>
    </ClInclude>
    <ClInclude Include="ObjectManager.h">
      <Filter>03. Scene Component\Object Manager</Filter>
    </ClInclude>
    <ClInclude Include="ObjectComponent.h">
      <Filter>05. Object Component</Filter>
    </ClInclude>
    <ClInclude Include="Boss.h">
      <Filter>04. Object\03.Front\Boss</Filter>
    </ClInclude>
    <ClInclude Include="Random.h">
      <Filter>06.Singleton\Random</Filter>
    </ClInclude>
    <ClInclude Include="SoundManager.h">
      <Filter>01. Engine Component\Sound Manager</Filter>
    </ClInclude>
    <ClInclude Include="TextureManager.h">
      <Filter>01. Engine Component\Texture Manager</Filter>
    </ClInclude>
    <ClInclude Include="MenuScene.h">
      <Filter>02. Scene\MenuScene</Filter>
    </ClInclude>
    <ClInclude Include="Background.h">
      <Filter>04. Object\00.Neutral\Background</Filter>
    </ClInclude>
    <ClInclude Include="ButtonObject.h">
      <Filter>04. Object\05.UI\Button</Filter>
    </ClInclude>
    <ClInclude Include="Effect.h">
      <Filter>04. Object\04.Effect</Filter>
    </ClInclude>
    <ClInclude Include="GameScene2.h">
      <Filter>02. Scene\GameScene2</Filter>
    </ClInclude>
    <ClInclude Include="GameScene3.h">
      <Filter>02. Scene\GameScene3</Filter>
    </ClInclude>
    <ClInclude Include="GameScene4.h">
      <Filter>02. Scene\GameScene4</Filter>
    </ClInclude>
    <ClInclude Include="AnimationComponent.h">
      <Filter>05. Object Component\Animation</Filter>
    </ClInclude>
    <ClInclude Include="Card.h">
      <Filter>04. Object\02.Mid\Card</Filter>
    </ClInclude>
    <ClInclude Include="Player.h">
      <Filter>04. Object\02.Mid\Player</Filter>
    </ClInclude>
    <ClInclude Include="CardDeck.h">
      <Filter>04. Object\01.Back\CardDeck</Filter>
    </ClInclude>
    <ClInclude Include="ShuffleEffect.h">
      <Filter>04. Object\04.Effect\ShuffleEffect</Filter>
    </ClInclude>
  </ItemGroup>
  <ItemGroup>
    <ClCompile Include="Engine.cpp">
      <Filter>00. Engine</Filter>
    </ClCompile>
    <ClCompile Include="pch.cpp">
      <Filter>08. Miscellaneous\pch</Filter>
    </ClCompile>
    <ClCompile Include="SceneManager.cpp">
      <Filter>01. Engine Component\Scene Manager</Filter>
    </ClCompile>
    <ClCompile Include="main.cpp">
      <Filter>09. Execution</Filter>
    </ClCompile>
    <ClCompile Include="Object.cpp">
      <Filter>04. Object</Filter>
    </ClCompile>
    <ClCompile Include="CollisionComponent.cpp">
      <Filter>05. Object Component\Collision</Filter>
    </ClCompile>
    <ClCompile Include="TransformComponent.cpp">
      <Filter>05. Object Component\Transform</Filter>
    </ClCompile>
    <ClCompile Include="InputSystem.cpp">
      <Filter>01. Engine Component\Input System</Filter>
    </ClCompile>
    <ClCompile Include="Scene.cpp">
      <Filter>02. Scene\Scene</Filter>
    </ClCompile>
    <ClCompile Include="GameScene1.cpp">
      <Filter>02. Scene\GameScene1</Filter>
    </ClCompile>
    <ClCompile Include="ObjectManager.cpp">
      <Filter>03. Scene Component\Object Manager</Filter>
    </ClCompile>
    <ClCompile Include="ObjectComponent.cpp">
      <Filter>05. Object Component</Filter>
    </ClCompile>
    <ClCompile Include="Boss.cpp">
      <Filter>04. Object\03.Front\Boss</Filter>
    </ClCompile>
    <ClCompile Include="Random.cpp">
      <Filter>06.Singleton\Random</Filter>
    </ClCompile>
    <ClCompile Include="SoundManager.cpp">
      <Filter>01. Engine Component\Sound Manager</Filter>
    </ClCompile>
    <ClCompile Include="TextureManager.cpp">
      <Filter>01. Engine Component\Texture Manager</Filter>
    </ClCompile>
    <ClCompile Include="MenuScene.cpp">
      <Filter>02. Scene\MenuScene</Filter>
    </ClCompile>
    <ClCompile Include="Background.cpp">
      <Filter>04. Object\00.Neutral\Background</Filter>
    </ClCompile>
    <ClCompile Include="ButtonObject.cpp">
      <Filter>04. Object\05.UI\Button</Filter>
    </ClCompile>
    <ClCompile Include="Effect.cpp">
      <Filter>04. Object\04.Effect</Filter>
    </ClCompile>
    <ClCompile Include="GameScene2.cpp">
      <Filter>02. Scene\GameScene2</Filter>
    </ClCompile>
    <ClCompile Include="GameScene3.cpp">
      <Filter>02. Scene\GameScene3</Filter>
    </ClCompile>
    <ClCompile Include="GameScene4.cpp">
      <Filter>02. Scene\GameScene4</Filter>
    </ClCompile>
    <ClCompile Include="AnimationComponent.cpp">
      <Filter>05. Object Component\Animation</Filter>
    </ClCompile>
    <ClCompile Include="Card.cpp">
      <Filter>04. Object\02.Mid\Card</Filter>
    </ClCompile>
    <ClCompile Include="Player.cpp">
      <Filter>04. Object\02.Mid\Player</Filter>
    </ClCompile>
    <ClCompile Include="CardDeck.cpp">
      <Filter>04. Object\01.Back\CardDeck</Filter>
    </ClCompile>
    <ClCompile Include="ShuffleEffect.cpp">
      <Filter>04. Object\04.Effect\ShuffleEffect</Filter>
    </ClCompile>
  </ItemGroup>
  <ItemGroup>
    <None Include="Math.inl">
      <Filter>08. Miscellaneous\math</Filter>
    </None>
  </ItemGroup>
</Project>